
Microsoft Visual Studio Solution File, Format Version 12.00
# Visual Studio Version 17
VisualStudioVersion = 17.3.32929.385
MinimumVisualStudioVersion = 10.0.40219.1
Project("{FAE04EC0-301F-11D3-BF4B-00C04F79EFBC}") = "EjercicioDobleClickDGV", "EjercicioDobleClickDGV\EjercicioDobleClickDGV.csproj", "{1992CA3C-4377-41D8-8B06-870C7DDEFA28}"
EndProject
Global
	GlobalSection(SolutionConfigurationPlatforms) = preSolution
		Debug|Any CPU = Debug|Any CPU
		Release|Any CPU = Release|Any CPU
	EndGlobalSection
	GlobalSection(ProjectConfigurationPlatforms) = postSolution
		{1992CA3C-4377-41D8-8B06-870C7DDEFA28}.Debug|Any CPU.ActiveCfg = Debug|Any CPU
		{1992CA3C-4377-41D8-8B06-870C7DDEFA28}.Debug|Any CPU.Build.0 = Debug|Any CPU
		{1992CA3C-4377-41D8-8B06-870C7DDEFA28}.Release|Any CPU.ActiveCfg = Release|Any CPU
		{1992CA3C-4377-41D8-8B06-870C7DDEFA28}.Release|Any CPU.Build.0 = Release|Any CPU
	EndGlobalSection
	GlobalSection(SolutionProperties) = preSolution
		HideSolutionNode = FALSE
	EndGlobalSection
	GlobalSection(ExtensibilityGlobals) = postSolution
		SolutionGuid = {CD69BDE9-3D0D-406B-A7DF-2709E37419B6}
	EndGlobalSection
EndGlobal
